
Microsoft Visual Studio Solution File, Format Version 12.00
# Visual Studio Version 17
VisualStudioVersion = 17.13.35919.96 d17.13
MinimumVisualStudioVersion = 10.0.40219.1
Project("{FAE04EC0-301F-11D3-BF4B-00C04F79EFBC}") = "PracticeTask16_Console", "PracticeTask16_Console\PracticeTask16_Console.csproj", "{0B4545CF-6714-4851-B47D-C8A328CCBD04}"
EndProject
Global
	GlobalSection(SolutionConfigurationPlatforms) = preSolution
		Debug|Any CPU = Debug|Any CPU
		Release|Any CPU = Release|Any CPU
	EndGlobalSection
	GlobalSection(ProjectConfigurationPlatforms) = postSolution
		{0B4545CF-6714-4851-B47D-C8A328CCBD04}.Debug|Any CPU.ActiveCfg = Debug|Any CPU
		{0B4545CF-6714-4851-B47D-C8A328CCBD04}.Debug|Any CPU.Build.0 = Debug|Any CPU
		{0B4545CF-6714-4851-B47D-C8A328CCBD04}.Release|Any CPU.ActiveCfg = Release|Any CPU
		{0B4545CF-6714-4851-B47D-C8A328CCBD04}.Release|Any CPU.Build.0 = Release|Any CPU
	EndGlobalSection
	GlobalSection(SolutionProperties) = preSolution
		HideSolutionNode = FALSE
	EndGlobalSection
	GlobalSection(ExtensibilityGlobals) = postSolution
		SolutionGuid = {B4DC73AA-2F94-4565-AD4A-081D2D152499}
	EndGlobalSection
EndGlobal
